{
  "version": 4,
  "terraform_version": "1.6.5",
  "serial": 14,
  "lineage": "7441617b-57a7-31eb-7c5c-733d33470df4",
  "outputs": {},
  "resources": [
    {
      "mode": "managed",
      "type": "local_file",
      "name": "ciao",
      "provider": "provider[\"registry.terraform.io/hashicorp/local\"]",
      "instances": [
        {
          "schema_version": 0,
          "attributes": {
            "content": "7777",
            "content_base64": null,
            "content_base64sha256": "QcmR62pmJCwEVBkSRCeBg85Yz0przTcveZ5LnMAYhq8=",
            "content_base64sha512": "SYrVEjczwej9xVuuX+vEeso+pybJQI9Jh9tcWxliWLxXPHZJj71b4JoTcGL5LqJCP2mjqq9f/TuAselt9PltFw==",
            "content_md5": "d79c8788088c2193f0244d8f1f36d2db",
            "content_sha1": "501ab5444eae9ad32b562570b36ff628ec3790ce",
            "content_sha256": "41c991eb6a66242c0454191244278183ce58cf4a6bcd372f799e4b9cc01886af",
            "content_sha512": "498ad5123733c1e8fdc55bae5febc47aca3ea726c9408f4987db5c5b196258bc573c76498fbd5be09a137062f92ea2423f69a3aaaf5ffd3b80b1e96df4f96d17",
            "directory_permission": "0777",
            "file_permission": "0777",
            "filename": "/tmp/444444",
            "id": "501ab5444eae9ad32b562570b36ff628ec3790ce",
            "sensitive_content": null,
            "source": null
          },
          "sensitive_attributes": []
        }
      ]
    }
  ],
  "check_results": null
}
