{
  "version": 4,
  "terraform_version": "1.7.4",
  "serial": 23,
  "lineage": "7441617b-57a7-31eb-7c5c-733d33470df4",
  "outputs": {},
  "resources": [
    {
      "mode": "managed",
      "type": "local_file",
      "name": "ciao",
      "provider": "provider[\"registry.terraform.io/hashicorp/local\"]",
      "instances": [
        {
          "schema_version": 0,
          "attributes": {
            "content": "caccaccccccccc",
            "content_base64": null,
            "content_base64sha256": "IbB48P87KNSYxfw3JiAKfZzH5rceagwIrFZc2WIfayE=",
            "content_base64sha512": "aOy8nSa1SrI2Dk0v3/FZGbRJPsBqWtJcPF7/q12Xv0CuodDxtVKfomqp0ZADMzB7fhjqVwlI2ki0q9Ua32X1wA==",
            "content_md5": "dd19e0485dcaaffc0cb0c6c7b343ebe3",
            "content_sha1": "5315edf4387e49fbe5b4023bd26efe8836910c8c",
            "content_sha256": "21b078f0ff3b28d498c5fc3726200a7d9cc7e6b71e6a0c08ac565cd9621f6b21",
            "content_sha512": "68ecbc9d26b54ab2360e4d2fdff15919b4493ec06a5ad25c3c5effab5d97bf40aea1d0f1b5529fa26aa9d1900333307b7e18ea570948da48b4abd51adf65f5c0",
            "directory_permission": "0777",
            "file_permission": "0777",
            "filename": "/tmp/55555",
            "id": "5315edf4387e49fbe5b4023bd26efe8836910c8c",
            "sensitive_content": null,
            "source": null
          },
          "sensitive_attributes": []
        }
      ]
    }
  ],
  "check_results": null
}
