{
  "version": 4,
  "terraform_version": "1.6.5",
  "serial": 11,
  "lineage": "7441617b-57a7-31eb-7c5c-733d33470df4",
  "outputs": {},
  "resources": [
    {
      "mode": "managed",
      "type": "local_file",
      "name": "ciao",
      "provider": "provider[\"registry.terraform.io/hashicorp/local\"]",
      "instances": [
        {
          "schema_version": 0,
          "attributes": {
            "content": "99999",
            "content_base64": null,
            "content_base64sha256": "/V9WtAp5o4VwhCjnsyq5lqaBCAoWaiIG51DrSBkYYUU=",
            "content_base64sha512": "jLqp8q5VGpl79pQSo/mksmngmuy6HWU3VlDxxrE/7aCeVL8/3INXwV7U5aL5sjNZ2Wb1VxUdGE+zoUfIRPdqbQ==",
            "content_md5": "d3eb9a9233e52948740d7eb8c3062d14",
            "content_sha1": "a045b7efa463c6ed195c644163f4168952fbd34a",
            "content_sha256": "fd5f56b40a79a385708428e7b32ab996a681080a166a2206e750eb4819186145",
            "content_sha512": "8cbaa9f2ae551a997bf69412a3f9a4b269e09aecba1d65375650f1c6b13feda09e54bf3fdc8357c15ed4e5a2f9b23359d966f557151d184fb3a147c844f76a6d",
            "directory_permission": "0777",
            "file_permission": "0777",
            "filename": "/tmp/444444",
            "id": "a045b7efa463c6ed195c644163f4168952fbd34a",
            "sensitive_content": null,
            "source": null
          },
          "sensitive_attributes": []
        }
      ]
    }
  ],
  "check_results": null
}
