{
  "version": 4,
  "terraform_version": "1.6.6",
  "serial": 17,
  "lineage": "7441617b-57a7-31eb-7c5c-733d33470df4",
  "outputs": {},
  "resources": [
    {
      "mode": "managed",
      "type": "local_file",
      "name": "ciao",
      "provider": "provider[\"registry.terraform.io/hashicorp/local\"]",
      "instances": [
        {
          "schema_version": 0,
          "attributes": {
            "content": "gaaggagagaga",
            "content_base64": null,
            "content_base64sha256": "TlEIlYTDG1JNDVc2EkQmygoygnkNDed7Dv2StKz0xNA=",
            "content_base64sha512": "tjQpr/m6fqywkGjt8+GesfGB+CGedqPU+/PgQ0Tg3iWcehtEtbyLFu7v2DIJsyDmjwinUT4jaXHqlgkAGfiBQQ==",
            "content_md5": "f34ced0e9e4c6f7ea8482d2f54544950",
            "content_sha1": "911c2204f92c448609f409ba4af8c50883b33ad8",
            "content_sha256": "4e51089584c31b524d0d5736124426ca0a3282790d0de77b0efd92b4acf4c4d0",
            "content_sha512": "b63429aff9ba7eacb09068edf3e19eb1f181f8219e76a3d4fbf3e04344e0de259c7a1b44b5bc8b16eeefd83209b320e68f08a7513e236971ea96090019f88141",
            "directory_permission": "0777",
            "file_permission": "0777",
            "filename": "/tmp/444444",
            "id": "911c2204f92c448609f409ba4af8c50883b33ad8",
            "sensitive_content": null,
            "source": null
          },
          "sensitive_attributes": []
        }
      ]
    }
  ],
  "check_results": null
}
